
Microsoft Visual Studio Solution File, Format Version 10.00
# Visual Studio 2008
Project("{FAE04EC0-301F-11D3-BF4B-00C04F79EFBC}") = "eAudioStartup", "eAudioStartup\eAudioStartup.csproj", "{BA394EE2-6766-4EA2-8CF9-1F45F7D3E539}"
EndProject
Global
	GlobalSection(SolutionConfigurationPlatforms) = preSolution
		Debug|Any CPU = Debug|Any CPU
		Release|Any CPU = Release|Any CPU
	EndGlobalSection
	GlobalSection(ProjectConfigurationPlatforms) = postSolution
		{BA394EE2-6766-4EA2-8CF9-1F45F7D3E539}.Debug|Any CPU.ActiveCfg = Debug|Any CPU
		{BA394EE2-6766-4EA2-8CF9-1F45F7D3E539}.Debug|Any CPU.Build.0 = Debug|Any CPU
		{BA394EE2-6766-4EA2-8CF9-1F45F7D3E539}.Release|Any CPU.ActiveCfg = Release|Any CPU
		{BA394EE2-6766-4EA2-8CF9-1F45F7D3E539}.Release|Any CPU.Build.0 = Release|Any CPU
	EndGlobalSection
	GlobalSection(SolutionProperties) = preSolution
		HideSolutionNode = FALSE
	EndGlobalSection
EndGlobal
